
Microsoft Visual Studio Solution File, Format Version 12.00
# Visual Studio Version 17
VisualStudioVersion = 17.1.32328.378
MinimumVisualStudioVersion = 10.0.40219.1
Project("{FAE04EC0-301F-11D3-BF4B-00C04F79EFBC}") = "SIACBatt", "SIACBatt\SIACBatt.csproj", "{BA071538-6E0C-4783-A8D7-0F931F1148F6}"
EndProject
Global
	GlobalSection(SolutionConfigurationPlatforms) = preSolution
		Debug|Any CPU = Debug|Any CPU
		Release|Any CPU = Release|Any CPU
	EndGlobalSection
	GlobalSection(ProjectConfigurationPlatforms) = postSolution
		{BA071538-6E0C-4783-A8D7-0F931F1148F6}.Debug|Any CPU.ActiveCfg = Debug|Any CPU
		{BA071538-6E0C-4783-A8D7-0F931F1148F6}.Debug|Any CPU.Build.0 = Debug|Any CPU
		{BA071538-6E0C-4783-A8D7-0F931F1148F6}.Release|Any CPU.ActiveCfg = Release|Any CPU
		{BA071538-6E0C-4783-A8D7-0F931F1148F6}.Release|Any CPU.Build.0 = Release|Any CPU
	EndGlobalSection
	GlobalSection(SolutionProperties) = preSolution
		HideSolutionNode = FALSE
	EndGlobalSection
	GlobalSection(ExtensibilityGlobals) = postSolution
		SolutionGuid = {784242EE-EECF-4C18-B8F5-6D12B6C4B35A}
	EndGlobalSection
EndGlobal
